
Microsoft Visual Studio Solution File, Format Version 12.00
# Visual Studio Version 17
VisualStudioVersion = 17.10.35027.167
MinimumVisualStudioVersion = 10.0.40219.1
Project("{FAE04EC0-301F-11D3-BF4B-00C04F79EFBC}") = "Pfts.Api", "Pfts.Api\Pfts.Api.csproj", "{ACAF4070-868C-471B-AD10-7EFF74BFB917}"
EndProject
Project("{FAE04EC0-301F-11D3-BF4B-00C04F79EFBC}") = "Pfts.Application", "Pfts.Application\Pfts.Application.csproj", "{11612502-BDBC-41B5-9E7B-555658BE5671}"
EndProject
Project("{FAE04EC0-301F-11D3-BF4B-00C04F79EFBC}") = "Pfts.Domain", "Pfts.Domain\Pfts.Domain.csproj", "{4555C9E8-ED1C-44BE-A249-4920E1918F3B}"
EndProject
Project("{FAE04EC0-301F-11D3-BF4B-00C04F79EFBC}") = "Pfts.Infrastucture", "Pfts.Infrastucture\Pfts.Infrastucture.csproj", "{F83F66CC-5001-4C1A-86FE-02BA594EDB04}"
EndProject
Project("{2150E333-8FDC-42A3-9474-1A3956D46DE8}") = "Solution Items", "Solution Items", "{6C1A27F7-FC6A-4F37-BD45-AA39987DCDA0}"
	ProjectSection(SolutionItems) = preProject
		Directory.Build.props = Directory.Build.props
		Directory.Packages.props = Directory.Packages.props
		..\..\README.md = ..\..\README.md
	EndProjectSection
EndProject
Global
	GlobalSection(SolutionConfigurationPlatforms) = preSolution
		Debug|Any CPU = Debug|Any CPU
		Release|Any CPU = Release|Any CPU
	EndGlobalSection
	GlobalSection(ProjectConfigurationPlatforms) = postSolution
		{ACAF4070-868C-471B-AD10-7EFF74BFB917}.Debug|Any CPU.ActiveCfg = Debug|Any CPU
		{ACAF4070-868C-471B-AD10-7EFF74BFB917}.Debug|Any CPU.Build.0 = Debug|Any CPU
		{ACAF4070-868C-471B-AD10-7EFF74BFB917}.Release|Any CPU.ActiveCfg = Release|Any CPU
		{ACAF4070-868C-471B-AD10-7EFF74BFB917}.Release|Any CPU.Build.0 = Release|Any CPU
		{11612502-BDBC-41B5-9E7B-555658BE5671}.Debug|Any CPU.ActiveCfg = Debug|Any CPU
		{11612502-BDBC-41B5-9E7B-555658BE5671}.Debug|Any CPU.Build.0 = Debug|Any CPU
		{11612502-BDBC-41B5-9E7B-555658BE5671}.Release|Any CPU.ActiveCfg = Release|Any CPU
		{11612502-BDBC-41B5-9E7B-555658BE5671}.Release|Any CPU.Build.0 = Release|Any CPU
		{4555C9E8-ED1C-44BE-A249-4920E1918F3B}.Debug|Any CPU.ActiveCfg = Debug|Any CPU
		{4555C9E8-ED1C-44BE-A249-4920E1918F3B}.Debug|Any CPU.Build.0 = Debug|Any CPU
		{4555C9E8-ED1C-44BE-A249-4920E1918F3B}.Release|Any CPU.ActiveCfg = Release|Any CPU
		{4555C9E8-ED1C-44BE-A249-4920E1918F3B}.Release|Any CPU.Build.0 = Release|Any CPU
		{F83F66CC-5001-4C1A-86FE-02BA594EDB04}.Debug|Any CPU.ActiveCfg = Debug|Any CPU
		{F83F66CC-5001-4C1A-86FE-02BA594EDB04}.Debug|Any CPU.Build.0 = Debug|Any CPU
		{F83F66CC-5001-4C1A-86FE-02BA594EDB04}.Release|Any CPU.ActiveCfg = Release|Any CPU
		{F83F66CC-5001-4C1A-86FE-02BA594EDB04}.Release|Any CPU.Build.0 = Release|Any CPU
	EndGlobalSection
	GlobalSection(SolutionProperties) = preSolution
		HideSolutionNode = FALSE
	EndGlobalSection
	GlobalSection(ExtensibilityGlobals) = postSolution
		SolutionGuid = {0B730AB4-C51A-4B15-928C-2661DC4A075B}
	EndGlobalSection
EndGlobal
